
Microsoft Visual Studio Solution File, Format Version 12.00
# Visual Studio Version 16
VisualStudioVersion = 16.0.31515.178
MinimumVisualStudioVersion = 10.0.40219.1
Project("{FAE04EC0-301F-11D3-BF4B-00C04F79EFBC}") = "CodingPad.ConsoleApp", "CodingPad.ConsoleApp\CodingPad.ConsoleApp.csproj", "{941DAA5B-8574-4A9C-877E-AA4818E100DD}"
EndProject
Project("{FAE04EC0-301F-11D3-BF4B-00C04F79EFBC}") = "CodingPad.Tests", "CodingPad.Tests\CodingPad.Tests.csproj", "{982A35E4-0469-47E4-B16B-0B4DBFEE36E3}"
EndProject
Global
	GlobalSection(SolutionConfigurationPlatforms) = preSolution
		Debug|Any CPU = Debug|Any CPU
		Release|Any CPU = Release|Any CPU
	EndGlobalSection
	GlobalSection(ProjectConfigurationPlatforms) = postSolution
		{941DAA5B-8574-4A9C-877E-AA4818E100DD}.Debug|Any CPU.ActiveCfg = Debug|Any CPU
		{941DAA5B-8574-4A9C-877E-AA4818E100DD}.Debug|Any CPU.Build.0 = Debug|Any CPU
		{941DAA5B-8574-4A9C-877E-AA4818E100DD}.Release|Any CPU.ActiveCfg = Release|Any CPU
		{941DAA5B-8574-4A9C-877E-AA4818E100DD}.Release|Any CPU.Build.0 = Release|Any CPU
		{982A35E4-0469-47E4-B16B-0B4DBFEE36E3}.Debug|Any CPU.ActiveCfg = Debug|Any CPU
		{982A35E4-0469-47E4-B16B-0B4DBFEE36E3}.Debug|Any CPU.Build.0 = Debug|Any CPU
		{982A35E4-0469-47E4-B16B-0B4DBFEE36E3}.Release|Any CPU.ActiveCfg = Release|Any CPU
		{982A35E4-0469-47E4-B16B-0B4DBFEE36E3}.Release|Any CPU.Build.0 = Release|Any CPU
	EndGlobalSection
	GlobalSection(SolutionProperties) = preSolution
		HideSolutionNode = FALSE
	EndGlobalSection
	GlobalSection(ExtensibilityGlobals) = postSolution
		SolutionGuid = {8901E224-D2B4-4DC7-B26D-C07F04DC189D}
	EndGlobalSection
EndGlobal
